// !$*UTF8*$!
{
	archiveVersion = 1;
	classes = {
	};
	objectVersion = 56;
	objects = {

/* Begin PBXBuildFile section */
		E00CB87D2C004EAA00D49547 /* LoginViewModel.swift in Sources */ = {isa = PBXBuildFile; fileRef = E00CB87C2C004EAA00D49547 /* LoginViewModel.swift */; };
		E00CB8852C00526500D49547 /* FirebaseAnalytics in Frameworks */ = {isa = PBXBuildFile; productRef = E00CB8842C00526500D49547 /* FirebaseAnalytics */; };
		E00CB8872C00526500D49547 /* FirebaseAuth in Frameworks */ = {isa = PBXBuildFile; productRef = E00CB8862C00526500D49547 /* FirebaseAuth */; };
		E00CB88B2C00526500D49547 /* FirebaseCrashlytics in Frameworks */ = {isa = PBXBuildFile; productRef = E00CB88A2C00526500D49547 /* FirebaseCrashlytics */; };
		E00CB88D2C00526500D49547 /* FirebaseFirestore in Frameworks */ = {isa = PBXBuildFile; productRef = E00CB88C2C00526500D49547 /* FirebaseFirestore */; };
		E00CB8912C00526500D49547 /* FirebaseFirestoreSwift in Frameworks */ = {isa = PBXBuildFile; productRef = E00CB8902C00526500D49547 /* FirebaseFirestoreSwift */; };
		E00CB8932C00526500D49547 /* FirebaseMessaging in Frameworks */ = {isa = PBXBuildFile; productRef = E00CB8922C00526500D49547 /* FirebaseMessaging */; };
		E00CB8952C00526500D49547 /* FirebaseStorage in Frameworks */ = {isa = PBXBuildFile; productRef = E00CB8942C00526500D49547 /* FirebaseStorage */; };
		E00CB89F2C00602F00D49547 /* PopularMoviesView.swift in Sources */ = {isa = PBXBuildFile; fileRef = E00CB89E2C00602F00D49547 /* PopularMoviesView.swift */; };
		E00CB8A12C00603700D49547 /* PopularMoviesViewModel.swift in Sources */ = {isa = PBXBuildFile; fileRef = E00CB8A02C00603700D49547 /* PopularMoviesViewModel.swift */; };
		E00CB8A82C00D3F700D49547 /* MoviesGridView.swift in Sources */ = {isa = PBXBuildFile; fileRef = E00CB8A72C00D3F700D49547 /* MoviesGridView.swift */; };
		E00CB8AB2C00D4F000D49547 /* AuthCoordinator.swift in Sources */ = {isa = PBXBuildFile; fileRef = E00CB8AA2C00D4F000D49547 /* AuthCoordinator.swift */; };
		E00CB8B22C00EA8300D49547 /* MovieGridCardView.swift in Sources */ = {isa = PBXBuildFile; fileRef = E00CB8B12C00EA8300D49547 /* MovieGridCardView.swift */; };
		E00CB8B42C00F96500D49547 /* MoviesManager.swift in Sources */ = {isa = PBXBuildFile; fileRef = E00CB8B32C00F96500D49547 /* MoviesManager.swift */; };
		E00CB8B62C00FC0700D49547 /* AuthenticationManager.swift in Sources */ = {isa = PBXBuildFile; fileRef = E00CB8B52C00FC0700D49547 /* AuthenticationManager.swift */; };
		E00CB8B92C00FE8B00D49547 /* SignUpView.swift in Sources */ = {isa = PBXBuildFile; fileRef = E00CB8B82C00FE8B00D49547 /* SignUpView.swift */; };
		E00CB8BB2C00FE9900D49547 /* SignUpViewModel.swift in Sources */ = {isa = PBXBuildFile; fileRef = E00CB8BA2C00FE9900D49547 /* SignUpViewModel.swift */; };
		E040310C2D6290C4004C6235 /* SearchView.swift in Sources */ = {isa = PBXBuildFile; fileRef = E040310B2D6290C4004C6235 /* SearchView.swift */; };
		E040310E2D6290CB004C6235 /* SearchViewModel.swift in Sources */ = {isa = PBXBuildFile; fileRef = E040310D2D6290C7004C6235 /* SearchViewModel.swift */; };
		E040945A2D49282C007A3D37 /* PopcornShareNetwork in Frameworks */ = {isa = PBXBuildFile; productRef = E04094592D49282C007A3D37 /* PopcornShareNetwork */; };
		E041C9002C0024BB002100BE /* AppDelegate.swift in Sources */ = {isa = PBXBuildFile; fileRef = E041C8FF2C0024BB002100BE /* AppDelegate.swift */; };
		E041C9022C0024BB002100BE /* SceneDelegate.swift in Sources */ = {isa = PBXBuildFile; fileRef = E041C9012C0024BB002100BE /* SceneDelegate.swift */; };
		E041C9092C0024C8002100BE /* Assets.xcassets in Resources */ = {isa = PBXBuildFile; fileRef = E041C9082C0024C8002100BE /* Assets.xcassets */; };
		E041C90C2C0024C8002100BE /* Base in Resources */ = {isa = PBXBuildFile; fileRef = E041C90B2C0024C8002100BE /* Base */; };
		E04F13CC2D7743AF00F1F3F5 /* PopcornShareSearch in Frameworks */ = {isa = PBXBuildFile; productRef = E04F13CB2D7743AF00F1F3F5 /* PopcornShareSearch */; };
		E04F13CE2D7743B400F1F3F5 /* PopcornShareProfile in Frameworks */ = {isa = PBXBuildFile; productRef = E04F13CD2D7743B400F1F3F5 /* PopcornShareProfile */; };
		E06731292D773A0100CE9DBD /* PopcornShareAuthentication in Frameworks */ = {isa = PBXBuildFile; productRef = E06731282D773A0100CE9DBD /* PopcornShareAuthentication */; };
		E067312B2D773B8C00CE9DBD /* PopcornShareProfile in Resources */ = {isa = PBXBuildFile; fileRef = E067312A2D773B8C00CE9DBD /* PopcornShareProfile */; };
		E067312D2D773DF500CE9DBD /* PopcornShareSearch in Resources */ = {isa = PBXBuildFile; fileRef = E067312C2D773DF500CE9DBD /* PopcornShareSearch */; };
		E077E9502D63EACF0015314D /* SearchMovieCell.swift in Sources */ = {isa = PBXBuildFile; fileRef = E077E94F2D63EACF0015314D /* SearchMovieCell.swift */; };
		E088391B2D48805D00F2BAAB /* PopcornShareHome in Frameworks */ = {isa = PBXBuildFile; productRef = E088391A2D48805D00F2BAAB /* PopcornShareHome */; };
		E0B2141E2C017F27005DF2EF /* ProfileView.swift in Sources */ = {isa = PBXBuildFile; fileRef = E0B2141D2C017F27005DF2EF /* ProfileView.swift */; };
		E0B214202C017F32005DF2EF /* ProfileViewModel.swift in Sources */ = {isa = PBXBuildFile; fileRef = E0B2141F2C017F32005DF2EF /* ProfileViewModel.swift */; };
		E0B214262C040E97005DF2EF /* UserManager.swift in Sources */ = {isa = PBXBuildFile; fileRef = E0B214252C040E97005DF2EF /* UserManager.swift */; };
		E0B2142A2C06E4FC005DF2EF /* FavoriteMoviesView.swift in Sources */ = {isa = PBXBuildFile; fileRef = E0B214292C06E4FC005DF2EF /* FavoriteMoviesView.swift */; };
		E0B2142C2C06E509005DF2EF /* FavoriteMoviesViewModel.swift in Sources */ = {isa = PBXBuildFile; fileRef = E0B2142B2C06E509005DF2EF /* FavoriteMoviesViewModel.swift */; };
		E0BA931B2D60E49200F09E93 /* GoogleService-Info.plist in Resources */ = {isa = PBXBuildFile; fileRef = E0BA931A2D60E49200F09E93 /* GoogleService-Info.plist */; };
		E0C616EE2D3A8E8E00318155 /* TabBarPage.swift in Sources */ = {isa = PBXBuildFile; fileRef = E0C616ED2D3A8E8E00318155 /* TabBarPage.swift */; };
		E0CFDF162D15304D0077C10B /* PopcornShareUtilities in Frameworks */ = {isa = PBXBuildFile; productRef = E0CFDF152D15304D0077C10B /* PopcornShareUtilities */; };
		E0D45E7D2C002DFF005ED237 /* Coordinator.swift in Sources */ = {isa = PBXBuildFile; fileRef = E0D45E7C2C002DFF005ED237 /* Coordinator.swift */; };
		E0D45E7F2C002E6D005ED237 /* AppCoordinator.swift in Sources */ = {isa = PBXBuildFile; fileRef = E0D45E7E2C002E6D005ED237 /* AppCoordinator.swift */; };
		E0D45E822C002EE0005ED237 /* TabCoordinator.swift in Sources */ = {isa = PBXBuildFile; fileRef = E0D45E812C002EE0005ED237 /* TabCoordinator.swift */; };
		E0D45E872C00370E005ED237 /* LoginView.swift in Sources */ = {isa = PBXBuildFile; fileRef = E0D45E862C00370E005ED237 /* LoginView.swift */; };
		E0D6C77C2D77398700E7EAB2 /* PopcornShareAuthentication in Resources */ = {isa = PBXBuildFile; fileRef = E0D6C77B2D77398700E7EAB2 /* PopcornShareAuthentication */; };
		E0F2EC562D3A026900A470DF /* PopcornShareNetworkCore in Frameworks */ = {isa = PBXBuildFile; productRef = E0F2EC552D3A026900A470DF /* PopcornShareNetworkCore */; };
		E0F7E20A2C839500002584ED /* DetailsMovieView.swift in Sources */ = {isa = PBXBuildFile; fileRef = E0F7E2092C839500002584ED /* DetailsMovieView.swift */; };
		E0F7E20C2C839583002584ED /* DetailsMovieViewModel.swift in Sources */ = {isa = PBXBuildFile; fileRef = E0F7E20B2C839583002584ED /* DetailsMovieViewModel.swift */; };
/* End PBXBuildFile section */

/* Begin PBXFileReference section */
		E00CB87C2C004EAA00D49547 /* LoginViewModel.swift */ = {isa = PBXFileReference; lastKnownFileType = sourcecode.swift; path = LoginViewModel.swift; sourceTree = "<group>"; };
		E00CB89E2C00602F00D49547 /* PopularMoviesView.swift */ = {isa = PBXFileReference; lastKnownFileType = sourcecode.swift; path = PopularMoviesView.swift; sourceTree = "<group>"; };
		E00CB8A02C00603700D49547 /* PopularMoviesViewModel.swift */ = {isa = PBXFileReference; lastKnownFileType = sourcecode.swift; path = PopularMoviesViewModel.swift; sourceTree = "<group>"; };
		E00CB8A72C00D3F700D49547 /* MoviesGridView.swift */ = {isa = PBXFileReference; lastKnownFileType = sourcecode.swift; path = MoviesGridView.swift; sourceTree = "<group>"; };
		E00CB8AA2C00D4F000D49547 /* AuthCoordinator.swift */ = {isa = PBXFileReference; lastKnownFileType = sourcecode.swift; path = AuthCoordinator.swift; sourceTree = "<group>"; };
		E00CB8B12C00EA8300D49547 /* MovieGridCardView.swift */ = {isa = PBXFileReference; lastKnownFileType = sourcecode.swift; path = MovieGridCardView.swift; sourceTree = "<group>"; };
		E00CB8B32C00F96500D49547 /* MoviesManager.swift */ = {isa = PBXFileReference; lastKnownFileType = sourcecode.swift; path = MoviesManager.swift; sourceTree = "<group>"; };
		E00CB8B52C00FC0700D49547 /* AuthenticationManager.swift */ = {isa = PBXFileReference; lastKnownFileType = sourcecode.swift; path = AuthenticationManager.swift; sourceTree = "<group>"; };
		E00CB8B82C00FE8B00D49547 /* SignUpView.swift */ = {isa = PBXFileReference; lastKnownFileType = sourcecode.swift; path = SignUpView.swift; sourceTree = "<group>"; };
		E00CB8BA2C00FE9900D49547 /* SignUpViewModel.swift */ = {isa = PBXFileReference; lastKnownFileType = sourcecode.swift; path = SignUpViewModel.swift; sourceTree = "<group>"; };
		E040310B2D6290C4004C6235 /* SearchView.swift */ = {isa = PBXFileReference; lastKnownFileType = sourcecode.swift; path = SearchView.swift; sourceTree = "<group>"; };
		E040310D2D6290C7004C6235 /* SearchViewModel.swift */ = {isa = PBXFileReference; lastKnownFileType = sourcecode.swift; path = SearchViewModel.swift; sourceTree = "<group>"; };
		E041C8FC2C0024BB002100BE /* PopcornShare.app */ = {isa = PBXFileReference; explicitFileType = wrapper.application; includeInIndex = 0; path = PopcornShare.app; sourceTree = BUILT_PRODUCTS_DIR; };
		E041C8FF2C0024BB002100BE /* AppDelegate.swift */ = {isa = PBXFileReference; lastKnownFileType = sourcecode.swift; path = AppDelegate.swift; sourceTree = "<group>"; };
		E041C9012C0024BB002100BE /* SceneDelegate.swift */ = {isa = PBXFileReference; lastKnownFileType = sourcecode.swift; path = SceneDelegate.swift; sourceTree = "<group>"; };
		E041C9082C0024C8002100BE /* Assets.xcassets */ = {isa = PBXFileReference; lastKnownFileType = folder.assetcatalog; path = Assets.xcassets; sourceTree = "<group>"; };
		E041C90B2C0024C8002100BE /* Base */ = {isa = PBXFileReference; lastKnownFileType = file.storyboard; name = Base; path = Base.lproj/LaunchScreen.storyboard; sourceTree = "<group>"; };
		E041C90D2C0024C8002100BE /* Info.plist */ = {isa = PBXFileReference; lastKnownFileType = text.plist.xml; path = Info.plist; sourceTree = "<group>"; };
		E067312A2D773B8C00CE9DBD /* PopcornShareProfile */ = {isa = PBXFileReference; lastKnownFileType = wrapper; path = PopcornShareProfile; sourceTree = "<group>"; };
		E067312C2D773DF500CE9DBD /* PopcornShareSearch */ = {isa = PBXFileReference; lastKnownFileType = wrapper; path = PopcornShareSearch; sourceTree = "<group>"; };
		E077E94F2D63EACF0015314D /* SearchMovieCell.swift */ = {isa = PBXFileReference; lastKnownFileType = sourcecode.swift; path = SearchMovieCell.swift; sourceTree = "<group>"; };
		E08839192D487ED900F2BAAB /* PopcornShareHome */ = {isa = PBXFileReference; lastKnownFileType = wrapper; path = PopcornShareHome; sourceTree = "<group>"; };
		E09220D22D3ACA9B002DABE5 /* PopcornShareNetworkCore */ = {isa = PBXFileReference; lastKnownFileType = wrapper; path = PopcornShareNetworkCore; sourceTree = "<group>"; };
		E0B2141D2C017F27005DF2EF /* ProfileView.swift */ = {isa = PBXFileReference; lastKnownFileType = sourcecode.swift; path = ProfileView.swift; sourceTree = "<group>"; };
		E0B2141F2C017F32005DF2EF /* ProfileViewModel.swift */ = {isa = PBXFileReference; lastKnownFileType = sourcecode.swift; path = ProfileViewModel.swift; sourceTree = "<group>"; };
		E0B214252C040E97005DF2EF /* UserManager.swift */ = {isa = PBXFileReference; lastKnownFileType = sourcecode.swift; path = UserManager.swift; sourceTree = "<group>"; };
		E0B214292C06E4FC005DF2EF /* FavoriteMoviesView.swift */ = {isa = PBXFileReference; lastKnownFileType = sourcecode.swift; path = FavoriteMoviesView.swift; sourceTree = "<group>"; };
		E0B2142B2C06E509005DF2EF /* FavoriteMoviesViewModel.swift */ = {isa = PBXFileReference; lastKnownFileType = sourcecode.swift; path = FavoriteMoviesViewModel.swift; sourceTree = "<group>"; };
		E0B242012D49252E00A2D436 /* PopcornShareNetwork */ = {isa = PBXFileReference; lastKnownFileType = wrapper; path = PopcornShareNetwork; sourceTree = "<group>"; };
		E0BA93162D5FBDCD00F09E93 /* Secrets.xcconfig */ = {isa = PBXFileReference; lastKnownFileType = text.xcconfig; path = Secrets.xcconfig; sourceTree = "<group>"; };
		E0BA931A2D60E49200F09E93 /* GoogleService-Info.plist */ = {isa = PBXFileReference; lastKnownFileType = text.plist.xml; path = "GoogleService-Info.plist"; sourceTree = "<group>"; };
		E0BAE3CB2D1530040098FBC9 /* PopcornShareUtilities */ = {isa = PBXFileReference; lastKnownFileType = wrapper; path = PopcornShareUtilities; sourceTree = "<group>"; };
		E0C616ED2D3A8E8E00318155 /* TabBarPage.swift */ = {isa = PBXFileReference; lastKnownFileType = sourcecode.swift; path = TabBarPage.swift; sourceTree = "<group>"; };
		E0D45E7C2C002DFF005ED237 /* Coordinator.swift */ = {isa = PBXFileReference; lastKnownFileType = sourcecode.swift; path = Coordinator.swift; sourceTree = "<group>"; };
		E0D45E7E2C002E6D005ED237 /* AppCoordinator.swift */ = {isa = PBXFileReference; lastKnownFileType = sourcecode.swift; path = AppCoordinator.swift; sourceTree = "<group>"; };
		E0D45E812C002EE0005ED237 /* TabCoordinator.swift */ = {isa = PBXFileReference; lastKnownFileType = sourcecode.swift; path = TabCoordinator.swift; sourceTree = "<group>"; };
		E0D45E862C00370E005ED237 /* LoginView.swift */ = {isa = PBXFileReference; lastKnownFileType = sourcecode.swift; path = LoginView.swift; sourceTree = "<group>"; };
		E0D6C77B2D77398700E7EAB2 /* PopcornShareAuthentication */ = {isa = PBXFileReference; lastKnownFileType = wrapper; path = PopcornShareAuthentication; sourceTree = "<group>"; };
		E0F7E2092C839500002584ED /* DetailsMovieView.swift */ = {isa = PBXFileReference; lastKnownFileType = sourcecode.swift; path = DetailsMovieView.swift; sourceTree = "<group>"; };
		E0F7E20B2C839583002584ED /* DetailsMovieViewModel.swift */ = {isa = PBXFileReference; lastKnownFileType = sourcecode.swift; path = DetailsMovieViewModel.swift; sourceTree = "<group>"; };
/* End PBXFileReference section */

/* Begin PBXFrameworksBuildPhase section */
		E041C8F92C0024BB002100BE /* Frameworks */ = {
			isa = PBXFrameworksBuildPhase;
			buildActionMask = 2147483647;
			files = (
				E00CB8932C00526500D49547 /* FirebaseMessaging in Frameworks */,
				E040945A2D49282C007A3D37 /* PopcornShareNetwork in Frameworks */,
				E00CB8852C00526500D49547 /* FirebaseAnalytics in Frameworks */,
				E00CB8952C00526500D49547 /* FirebaseStorage in Frameworks */,
				E04F13CE2D7743B400F1F3F5 /* PopcornShareProfile in Frameworks */,
				E0F2EC562D3A026900A470DF /* PopcornShareNetworkCore in Frameworks */,
				E00CB88B2C00526500D49547 /* FirebaseCrashlytics in Frameworks */,
				E00CB8912C00526500D49547 /* FirebaseFirestoreSwift in Frameworks */,
				E0CFDF162D15304D0077C10B /* PopcornShareUtilities in Frameworks */,
				E088391B2D48805D00F2BAAB /* PopcornShareHome in Frameworks */,
				E00CB88D2C00526500D49547 /* FirebaseFirestore in Frameworks */,
				E06731292D773A0100CE9DBD /* PopcornShareAuthentication in Frameworks */,
				E04F13CC2D7743AF00F1F3F5 /* PopcornShareSearch in Frameworks */,
				E00CB8872C00526500D49547 /* FirebaseAuth in Frameworks */,
			);
			runOnlyForDeploymentPostprocessing = 0;
		};
/* End PBXFrameworksBuildPhase section */

/* Begin PBXGroup section */
		E00CB8962C00597800D49547 /* Movie */ = {
			isa = PBXGroup;
			children = (
				E00CB8A62C00D38600D49547 /* Components */,
				E0B214282C06E4E4005DF2EF /* Favorite */,
				E0B214272C06CBA7005DF2EF /* Details */,
				E00CB89D2C00601900D49547 /* Popular */,
			);
			path = Movie;
			sourceTree = "<group>";
		};
		E00CB89D2C00601900D49547 /* Popular */ = {
			isa = PBXGroup;
			children = (
				E00CB89E2C00602F00D49547 /* PopularMoviesView.swift */,
				E00CB8A02C00603700D49547 /* PopularMoviesViewModel.swift */,
			);
			path = Popular;
			sourceTree = "<group>";
		};
		E00CB8A62C00D38600D49547 /* Components */ = {
			isa = PBXGroup;
			children = (
				E00CB8A72C00D3F700D49547 /* MoviesGridView.swift */,
				E00CB8B12C00EA8300D49547 /* MovieGridCardView.swift */,
			);
			path = Components;
			sourceTree = "<group>";
		};
		E00CB8A92C00D4DC00D49547 /* AuthCoordinator */ = {
			isa = PBXGroup;
			children = (
				E00CB8AA2C00D4F000D49547 /* AuthCoordinator.swift */,
			);
			path = AuthCoordinator;
			sourceTree = "<group>";
		};
		E00CB8B72C00FE6800D49547 /* SignUp */ = {
			isa = PBXGroup;
			children = (
				E00CB8B82C00FE8B00D49547 /* SignUpView.swift */,
				E00CB8BA2C00FE9900D49547 /* SignUpViewModel.swift */,
			);
			path = SignUp;
			sourceTree = "<group>";
		};
		E040310A2D6290A6004C6235 /* Search */ = {
			isa = PBXGroup;
			children = (
				E077E94E2D63EAC20015314D /* Components */,
				E040310B2D6290C4004C6235 /* SearchView.swift */,
				E040310D2D6290C7004C6235 /* SearchViewModel.swift */,
			);
			path = Search;
			sourceTree = "<group>";
		};
		E041C8F32C0024BB002100BE = {
			isa = PBXGroup;
			children = (
				E0BA93162D5FBDCD00F09E93 /* Secrets.xcconfig */,
				E041C8FE2C0024BB002100BE /* PopcornShare */,
				E067312C2D773DF500CE9DBD /* PopcornShareSearch */,
				E067312A2D773B8C00CE9DBD /* PopcornShareProfile */,
				E0D6C77B2D77398700E7EAB2 /* PopcornShareAuthentication */,
				E08839192D487ED900F2BAAB /* PopcornShareHome */,
				E0BAE3CB2D1530040098FBC9 /* PopcornShareUtilities */,
				E0B242002D49242700A2D436 /* PopcornShareNetwork */,
				E0CFDF142D15304D0077C10B /* Frameworks */,
				E041C8FD2C0024BB002100BE /* Products */,
			);
			sourceTree = "<group>";
		};
		E041C8FD2C0024BB002100BE /* Products */ = {
			isa = PBXGroup;
			children = (
				E041C8FC2C0024BB002100BE /* PopcornShare.app */,
			);
			name = Products;
			sourceTree = "<group>";
		};
		E041C8FE2C0024BB002100BE /* PopcornShare */ = {
			isa = PBXGroup;
			children = (
				E0B214242C040E87005DF2EF /* Firestore */,
				E040310A2D6290A6004C6235 /* Search */,
				E0B2141C2C017F14005DF2EF /* Profile */,
				E00CB8962C00597800D49547 /* Movie */,
				E0D45E7A2C002C39005ED237 /* Coordinators */,
				E0D45E842C0036EC005ED237 /* Auth */,
				E0D45E832C00361D005ED237 /* Application */,
				E041C90D2C0024C8002100BE /* Info.plist */,
				E0BA931A2D60E49200F09E93 /* GoogleService-Info.plist */,
			);
			path = PopcornShare;
			sourceTree = "<group>";
		};
		E077E94E2D63EAC20015314D /* Components */ = {
			isa = PBXGroup;
			children = (
				E077E94F2D63EACF0015314D /* SearchMovieCell.swift */,
			);
			path = Components;
			sourceTree = "<group>";
		};
		E0B2141C2C017F14005DF2EF /* Profile */ = {
			isa = PBXGroup;
			children = (
				E0B2141D2C017F27005DF2EF /* ProfileView.swift */,
				E0B2141F2C017F32005DF2EF /* ProfileViewModel.swift */,
			);
			path = Profile;
			sourceTree = "<group>";
		};
		E0B214242C040E87005DF2EF /* Firestore */ = {
			isa = PBXGroup;
			children = (
				E00CB8B32C00F96500D49547 /* MoviesManager.swift */,
				E0B214252C040E97005DF2EF /* UserManager.swift */,
			);
			path = Firestore;
			sourceTree = "<group>";
		};
		E0B214272C06CBA7005DF2EF /* Details */ = {
			isa = PBXGroup;
			children = (
				E0F7E2092C839500002584ED /* DetailsMovieView.swift */,
				E0F7E20B2C839583002584ED /* DetailsMovieViewModel.swift */,
			);
			path = Details;
			sourceTree = "<group>";
		};
		E0B214282C06E4E4005DF2EF /* Favorite */ = {
			isa = PBXGroup;
			children = (
				E0B214292C06E4FC005DF2EF /* FavoriteMoviesView.swift */,
				E0B2142B2C06E509005DF2EF /* FavoriteMoviesViewModel.swift */,
			);
			path = Favorite;
			sourceTree = "<group>";
		};
		E0B242002D49242700A2D436 /* PopcornShareNetwork */ = {
			isa = PBXGroup;
			children = (
				E0B242012D49252E00A2D436 /* PopcornShareNetwork */,
				E09220D22D3ACA9B002DABE5 /* PopcornShareNetworkCore */,
			);
			path = PopcornShareNetwork;
			sourceTree = "<group>";
		};
		E0C616EC2D3A8E7F00318155 /* Utils */ = {
			isa = PBXGroup;
			children = (
				E0C616ED2D3A8E8E00318155 /* TabBarPage.swift */,
			);
			path = Utils;
			sourceTree = "<group>";
		};
		E0CFDF142D15304D0077C10B /* Frameworks */ = {
			isa = PBXGroup;
			children = (
			);
			name = Frameworks;
			sourceTree = "<group>";
		};
		E0D45E7A2C002C39005ED237 /* Coordinators */ = {
			isa = PBXGroup;
			children = (
				E00CB8A92C00D4DC00D49547 /* AuthCoordinator */,
				E0D45E802C002ECA005ED237 /* TabCoordinator */,
				E0D45E7E2C002E6D005ED237 /* AppCoordinator.swift */,
				E0D45E7C2C002DFF005ED237 /* Coordinator.swift */,
			);
			path = Coordinators;
			sourceTree = "<group>";
		};
		E0D45E802C002ECA005ED237 /* TabCoordinator */ = {
			isa = PBXGroup;
			children = (
				E0C616EC2D3A8E7F00318155 /* Utils */,
				E0D45E812C002EE0005ED237 /* TabCoordinator.swift */,
			);
			path = TabCoordinator;
			sourceTree = "<group>";
		};
		E0D45E832C00361D005ED237 /* Application */ = {
			isa = PBXGroup;
			children = (
				E041C8FF2C0024BB002100BE /* AppDelegate.swift */,
				E041C9012C0024BB002100BE /* SceneDelegate.swift */,
				E041C9082C0024C8002100BE /* Assets.xcassets */,
				E041C90A2C0024C8002100BE /* LaunchScreen.storyboard */,
			);
			path = Application;
			sourceTree = "<group>";
		};
		E0D45E842C0036EC005ED237 /* Auth */ = {
			isa = PBXGroup;
			children = (
				E00CB8B72C00FE6800D49547 /* SignUp */,
				E0D45E852C0036F6005ED237 /* SignIn */,
				E00CB8B52C00FC0700D49547 /* AuthenticationManager.swift */,
			);
			path = Auth;
			sourceTree = "<group>";
		};
		E0D45E852C0036F6005ED237 /* SignIn */ = {
			isa = PBXGroup;
			children = (
				E0D45E862C00370E005ED237 /* LoginView.swift */,
				E00CB87C2C004EAA00D49547 /* LoginViewModel.swift */,
			);
			path = SignIn;
			sourceTree = "<group>";
		};
/* End PBXGroup section */

/* Begin PBXNativeTarget section */
		E041C8FB2C0024BB002100BE /* PopcornShare */ = {
			isa = PBXNativeTarget;
			buildConfigurationList = E041C9102C0024C8002100BE /* Build configuration list for PBXNativeTarget "PopcornShare" */;
			buildPhases = (
				E041C8F82C0024BB002100BE /* Sources */,
				E041C8F92C0024BB002100BE /* Frameworks */,
				E041C8FA2C0024BB002100BE /* Resources */,
			);
			buildRules = (
			);
			dependencies = (
			);
			name = PopcornShare;
			packageProductDependencies = (
				E00CB8842C00526500D49547 /* FirebaseAnalytics */,
				E00CB8862C00526500D49547 /* FirebaseAuth */,
				E00CB88A2C00526500D49547 /* FirebaseCrashlytics */,
				E00CB88C2C00526500D49547 /* FirebaseFirestore */,
				E00CB8902C00526500D49547 /* FirebaseFirestoreSwift */,
				E00CB8922C00526500D49547 /* FirebaseMessaging */,
				E00CB8942C00526500D49547 /* FirebaseStorage */,
				E0CFDF152D15304D0077C10B /* PopcornShareUtilities */,
				E0F2EC552D3A026900A470DF /* PopcornShareNetworkCore */,
				E088391A2D48805D00F2BAAB /* PopcornShareHome */,
				E04094592D49282C007A3D37 /* PopcornShareNetwork */,
				E06731282D773A0100CE9DBD /* PopcornShareAuthentication */,
				E04F13CB2D7743AF00F1F3F5 /* PopcornShareSearch */,
				E04F13CD2D7743B400F1F3F5 /* PopcornShareProfile */,
			);
			productName = PopcornShare;
			productReference = E041C8FC2C0024BB002100BE /* PopcornShare.app */;
			productType = "com.apple.product-type.application";
		};
/* End PBXNativeTarget section */

/* Begin PBXProject section */
		E041C8F42C0024BB002100BE /* Project object */ = {
			isa = PBXProject;
			attributes = {
				BuildIndependentTargetsInParallel = 1;
				LastSwiftUpdateCheck = 1530;
				LastUpgradeCheck = 1530;
				TargetAttributes = {
					E041C8FB2C0024BB002100BE = {
						CreatedOnToolsVersion = 15.3;
					};
				};
			};
			buildConfigurationList = E041C8F72C0024BB002100BE /* Build configuration list for PBXProject "PopcornShare" */;
			compatibilityVersion = "Xcode 14.0";
			developmentRegion = en;
			hasScannedForEncodings = 0;
			knownRegions = (
				en,
				Base,
			);
			mainGroup = E041C8F32C0024BB002100BE;
			packageReferences = (
				E00CB8832C00526400D49547 /* XCRemoteSwiftPackageReference "firebase-ios-sdk" */,
			);
			productRefGroup = E041C8FD2C0024BB002100BE /* Products */;
			projectDirPath = "";
			projectRoot = "";
			targets = (
				E041C8FB2C0024BB002100BE /* PopcornShare */,
			);
		};
/* End PBXProject section */

/* Begin PBXResourcesBuildPhase section */
		E041C8FA2C0024BB002100BE /* Resources */ = {
			isa = PBXResourcesBuildPhase;
			buildActionMask = 2147483647;
			files = (
				E041C9092C0024C8002100BE /* Assets.xcassets in Resources */,
				E067312B2D773B8C00CE9DBD /* PopcornShareProfile in Resources */,
				E067312D2D773DF500CE9DBD /* PopcornShareSearch in Resources */,
				E0BA931B2D60E49200F09E93 /* GoogleService-Info.plist in Resources */,
				E0D6C77C2D77398700E7EAB2 /* PopcornShareAuthentication in Resources */,
				E041C90C2C0024C8002100BE /* Base in Resources */,
			);
			runOnlyForDeploymentPostprocessing = 0;
		};
/* End PBXResourcesBuildPhase section */

/* Begin PBXSourcesBuildPhase section */
		E041C8F82C0024BB002100BE /* Sources */ = {
			isa = PBXSourcesBuildPhase;
			buildActionMask = 2147483647;
			files = (
				E0D45E7F2C002E6D005ED237 /* AppCoordinator.swift in Sources */,
				E0F7E20A2C839500002584ED /* DetailsMovieView.swift in Sources */,
				E00CB87D2C004EAA00D49547 /* LoginViewModel.swift in Sources */,
				E00CB8B92C00FE8B00D49547 /* SignUpView.swift in Sources */,
				E0B214262C040E97005DF2EF /* UserManager.swift in Sources */,
				E0D45E7D2C002DFF005ED237 /* Coordinator.swift in Sources */,
				E0F7E20C2C839583002584ED /* DetailsMovieViewModel.swift in Sources */,
				E0B2142C2C06E509005DF2EF /* FavoriteMoviesViewModel.swift in Sources */,
				E00CB8B62C00FC0700D49547 /* AuthenticationManager.swift in Sources */,
				E041C9002C0024BB002100BE /* AppDelegate.swift in Sources */,
				E00CB8A82C00D3F700D49547 /* MoviesGridView.swift in Sources */,
				E00CB8AB2C00D4F000D49547 /* AuthCoordinator.swift in Sources */,
				E0B214202C017F32005DF2EF /* ProfileViewModel.swift in Sources */,
				E00CB8BB2C00FE9900D49547 /* SignUpViewModel.swift in Sources */,
				E077E9502D63EACF0015314D /* SearchMovieCell.swift in Sources */,
				E0D45E872C00370E005ED237 /* LoginView.swift in Sources */,
				E040310C2D6290C4004C6235 /* SearchView.swift in Sources */,
				E00CB8B22C00EA8300D49547 /* MovieGridCardView.swift in Sources */,
				E0C616EE2D3A8E8E00318155 /* TabBarPage.swift in Sources */,
				E040310E2D6290CB004C6235 /* SearchViewModel.swift in Sources */,
				E0B2141E2C017F27005DF2EF /* ProfileView.swift in Sources */,
				E0B2142A2C06E4FC005DF2EF /* FavoriteMoviesView.swift in Sources */,
				E00CB89F2C00602F00D49547 /* PopularMoviesView.swift in Sources */,
				E041C9022C0024BB002100BE /* SceneDelegate.swift in Sources */,
				E00CB8B42C00F96500D49547 /* MoviesManager.swift in Sources */,
				E00CB8A12C00603700D49547 /* PopularMoviesViewModel.swift in Sources */,
				E0D45E822C002EE0005ED237 /* TabCoordinator.swift in Sources */,
			);
			runOnlyForDeploymentPostprocessing = 0;
		};
/* End PBXSourcesBuildPhase section */

/* Begin PBXVariantGroup section */
		E041C90A2C0024C8002100BE /* LaunchScreen.storyboard */ = {
			isa = PBXVariantGroup;
			children = (
				E041C90B2C0024C8002100BE /* Base */,
			);
			name = LaunchScreen.storyboard;
			sourceTree = "<group>";
		};
/* End PBXVariantGroup section */

/* Begin XCBuildConfiguration section */
		E041C90E2C0024C8002100BE /* Debug */ = {
			isa = XCBuildConfiguration;
			baseConfigurationReference = E0BA93162D5FBDCD00F09E93 /* Secrets.xcconfig */;
			buildSettings = {
				ALWAYS_SEARCH_USER_PATHS = NO;
				ASSETCATALOG_COMPILER_GENERATE_SWIFT_ASSET_SYMBOL_EXTENSIONS = YES;
				CLANG_ANALYZER_NONNULL = YES;
				CLANG_ANALYZER_NUMBER_OBJECT_CONVERSION = YES_AGGRESSIVE;
				CLANG_CXX_LANGUAGE_STANDARD = "gnu++20";
				CLANG_ENABLE_MODULES = YES;
				CLANG_ENABLE_OBJC_ARC = YES;
				CLANG_ENABLE_OBJC_WEAK = YES;
				CLANG_WARN_BLOCK_CAPTURE_AUTORELEASING = YES;
				CLANG_WARN_BOOL_CONVERSION = YES;
				CLANG_WARN_COMMA = YES;
				CLANG_WARN_CONSTANT_CONVERSION = YES;
				CLANG_WARN_DEPRECATED_OBJC_IMPLEMENTATIONS = YES;
				CLANG_WARN_DIRECT_OBJC_ISA_USAGE = YES_ERROR;
				CLANG_WARN_DOCUMENTATION_COMMENTS = YES;
				CLANG_WARN_EMPTY_BODY = YES;
				CLANG_WARN_ENUM_CONVERSION = YES;
				CLANG_WARN_INFINITE_RECURSION = YES;
				CLANG_WARN_INT_CONVERSION = YES;
				CLANG_WARN_NON_LITERAL_NULL_CONVERSION = YES;
				CLANG_WARN_OBJC_IMPLICIT_RETAIN_SELF = YES;
				CLANG_WARN_OBJC_LITERAL_CONVERSION = YES;
				CLANG_WARN_OBJC_ROOT_CLASS = YES_ERROR;
				CLANG_WARN_QUOTED_INCLUDE_IN_FRAMEWORK_HEADER = YES;
				CLANG_WARN_RANGE_LOOP_ANALYSIS = YES;
				CLANG_WARN_STRICT_PROTOTYPES = YES;
				CLANG_WARN_SUSPICIOUS_MOVE = YES;
				CLANG_WARN_UNGUARDED_AVAILABILITY = YES_AGGRESSIVE;
				CLANG_WARN_UNREACHABLE_CODE = YES;
				CLANG_WARN__DUPLICATE_METHOD_MATCH = YES;
				COPY_PHASE_STRIP = NO;
				DEBUG_INFORMATION_FORMAT = dwarf;
				ENABLE_STRICT_OBJC_MSGSEND = YES;
				ENABLE_TESTABILITY = YES;
				ENABLE_USER_SCRIPT_SANDBOXING = YES;
				GCC_C_LANGUAGE_STANDARD = gnu17;
				GCC_DYNAMIC_NO_PIC = NO;
				GCC_NO_COMMON_BLOCKS = YES;
				GCC_OPTIMIZATION_LEVEL = 0;
				GCC_PREPROCESSOR_DEFINITIONS = (
					"DEBUG=1",
					"$(inherited)",
				);
				GCC_WARN_64_TO_32_BIT_CONVERSION = YES;
				GCC_WARN_ABOUT_RETURN_TYPE = YES_ERROR;
				GCC_WARN_UNDECLARED_SELECTOR = YES;
				GCC_WARN_UNINITIALIZED_AUTOS = YES_AGGRESSIVE;
				GCC_WARN_UNUSED_FUNCTION = YES;
				GCC_WARN_UNUSED_VARIABLE = YES;
				IPHONEOS_DEPLOYMENT_TARGET = 17.4;
				LOCALIZATION_PREFERS_STRING_CATALOGS = YES;
				MTL_ENABLE_DEBUG_INFO = INCLUDE_SOURCE;
				MTL_FAST_MATH = YES;
				ONLY_ACTIVE_ARCH = YES;
				SDKROOT = iphoneos;
				SWIFT_ACTIVE_COMPILATION_CONDITIONS = "DEBUG $(inherited)";
				SWIFT_OPTIMIZATION_LEVEL = "-Onone";
			};
			name = Debug;
		};
		E041C90F2C0024C8002100BE /* Release */ = {
			isa = XCBuildConfiguration;
			buildSettings = {
				ALWAYS_SEARCH_USER_PATHS = NO;
				ASSETCATALOG_COMPILER_GENERATE_SWIFT_ASSET_SYMBOL_EXTENSIONS = YES;
				CLANG_ANALYZER_NONNULL = YES;
				CLANG_ANALYZER_NUMBER_OBJECT_CONVERSION = YES_AGGRESSIVE;
				CLANG_CXX_LANGUAGE_STANDARD = "gnu++20";
				CLANG_ENABLE_MODULES = YES;
				CLANG_ENABLE_OBJC_ARC = YES;
				CLANG_ENABLE_OBJC_WEAK = YES;
				CLANG_WARN_BLOCK_CAPTURE_AUTORELEASING = YES;
				CLANG_WARN_BOOL_CONVERSION = YES;
				CLANG_WARN_COMMA = YES;
				CLANG_WARN_CONSTANT_CONVERSION = YES;
				CLANG_WARN_DEPRECATED_OBJC_IMPLEMENTATIONS = YES;
				CLANG_WARN_DIRECT_OBJC_ISA_USAGE = YES_ERROR;
				CLANG_WARN_DOCUMENTATION_COMMENTS = YES;
				CLANG_WARN_EMPTY_BODY = YES;
				CLANG_WARN_ENUM_CONVERSION = YES;
				CLANG_WARN_INFINITE_RECURSION = YES;
				CLANG_WARN_INT_CONVERSION = YES;
				CLANG_WARN_NON_LITERAL_NULL_CONVERSION = YES;
				CLANG_WARN_OBJC_IMPLICIT_RETAIN_SELF = YES;
				CLANG_WARN_OBJC_LITERAL_CONVERSION = YES;
				CLANG_WARN_OBJC_ROOT_CLASS = YES_ERROR;
				CLANG_WARN_QUOTED_INCLUDE_IN_FRAMEWORK_HEADER = YES;
				CLANG_WARN_RANGE_LOOP_ANALYSIS = YES;
				CLANG_WARN_STRICT_PROTOTYPES = YES;
				CLANG_WARN_SUSPICIOUS_MOVE = YES;
				CLANG_WARN_UNGUARDED_AVAILABILITY = YES_AGGRESSIVE;
				CLANG_WARN_UNREACHABLE_CODE = YES;
				CLANG_WARN__DUPLICATE_METHOD_MATCH = YES;
				COPY_PHASE_STRIP = NO;
				DEBUG_INFORMATION_FORMAT = "dwarf-with-dsym";
				ENABLE_NS_ASSERTIONS = NO;
				ENABLE_STRICT_OBJC_MSGSEND = YES;
				ENABLE_USER_SCRIPT_SANDBOXING = YES;
				GCC_C_LANGUAGE_STANDARD = gnu17;
				GCC_NO_COMMON_BLOCKS = YES;
				GCC_WARN_64_TO_32_BIT_CONVERSION = YES;
				GCC_WARN_ABOUT_RETURN_TYPE = YES_ERROR;
				GCC_WARN_UNDECLARED_SELECTOR = YES;
				GCC_WARN_UNINITIALIZED_AUTOS = YES_AGGRESSIVE;
				GCC_WARN_UNUSED_FUNCTION = YES;
				GCC_WARN_UNUSED_VARIABLE = YES;
				IPHONEOS_DEPLOYMENT_TARGET = 17.4;
				LOCALIZATION_PREFERS_STRING_CATALOGS = YES;
				MTL_ENABLE_DEBUG_INFO = NO;
				MTL_FAST_MATH = YES;
				SDKROOT = iphoneos;
				SWIFT_COMPILATION_MODE = wholemodule;
				VALIDATE_PRODUCT = YES;
			};
			name = Release;
		};
		E041C9112C0024C8002100BE /* Debug */ = {
			isa = XCBuildConfiguration;
			buildSettings = {
				ASSETCATALOG_COMPILER_APPICON_NAME = AppIcon;
				ASSETCATALOG_COMPILER_GLOBAL_ACCENT_COLOR_NAME = AccentColor;
				CODE_SIGN_STYLE = Automatic;
				CURRENT_PROJECT_VERSION = 1;
				DEVELOPMENT_TEAM = H348674NXB;
				GENERATE_INFOPLIST_FILE = YES;
				INFOPLIST_FILE = PopcornShare/Info.plist;
				INFOPLIST_KEY_CFBundleDisplayName = "Popcorn Share";
				INFOPLIST_KEY_UIApplicationSupportsIndirectInputEvents = YES;
				INFOPLIST_KEY_UILaunchStoryboardName = LaunchScreen;
				INFOPLIST_KEY_UISupportedInterfaceOrientations_iPad = "UIInterfaceOrientationPortrait UIInterfaceOrientationPortraitUpsideDown UIInterfaceOrientationLandscapeLeft UIInterfaceOrientationLandscapeRight";
				INFOPLIST_KEY_UISupportedInterfaceOrientations_iPhone = "UIInterfaceOrientationPortrait UIInterfaceOrientationLandscapeLeft UIInterfaceOrientationLandscapeRight";
				INFOPLIST_KEY_UIUserInterfaceStyle = Light;
				IPHONEOS_DEPLOYMENT_TARGET = 18.0;
				LD_RUNPATH_SEARCH_PATHS = (
					"$(inherited)",
					"@executable_path/Frameworks",
				);
				MARKETING_VERSION = 1.0;
				PRODUCT_BUNDLE_IDENTIFIER = com.paulolazarini.PopcornShare;
				PRODUCT_NAME = "$(TARGET_NAME)";
				SWIFT_EMIT_LOC_STRINGS = YES;
				SWIFT_VERSION = 5.0;
				TARGETED_DEVICE_FAMILY = "1,2";
			};
			name = Debug;
		};
		E041C9122C0024C8002100BE /* Release */ = {
			isa = XCBuildConfiguration;
			buildSettings = {
				ASSETCATALOG_COMPILER_APPICON_NAME = AppIcon;
				ASSETCATALOG_COMPILER_GLOBAL_ACCENT_COLOR_NAME = AccentColor;
				CODE_SIGN_STYLE = Automatic;
				CURRENT_PROJECT_VERSION = 1;
				DEVELOPMENT_TEAM = H348674NXB;
				GENERATE_INFOPLIST_FILE = YES;
				INFOPLIST_FILE = PopcornShare/Info.plist;
				INFOPLIST_KEY_CFBundleDisplayName = "Popcorn Share";
				INFOPLIST_KEY_UIApplicationSupportsIndirectInputEvents = YES;
				INFOPLIST_KEY_UILaunchStoryboardName = LaunchScreen;
				INFOPLIST_KEY_UISupportedInterfaceOrientations_iPad = "UIInterfaceOrientationPortrait UIInterfaceOrientationPortraitUpsideDown UIInterfaceOrientationLandscapeLeft UIInterfaceOrientationLandscapeRight";
				INFOPLIST_KEY_UISupportedInterfaceOrientations_iPhone = "UIInterfaceOrientationPortrait UIInterfaceOrientationLandscapeLeft UIInterfaceOrientationLandscapeRight";
				INFOPLIST_KEY_UIUserInterfaceStyle = Light;
				IPHONEOS_DEPLOYMENT_TARGET = 18.0;
				LD_RUNPATH_SEARCH_PATHS = (
					"$(inherited)",
					"@executable_path/Frameworks",
				);
				MARKETING_VERSION = 1.0;
				PRODUCT_BUNDLE_IDENTIFIER = com.paulolazarini.PopcornShare;
				PRODUCT_NAME = "$(TARGET_NAME)";
				SWIFT_EMIT_LOC_STRINGS = YES;
				SWIFT_VERSION = 5.0;
				TARGETED_DEVICE_FAMILY = "1,2";
			};
			name = Release;
		};
/* End XCBuildConfiguration section */

/* Begin XCConfigurationList section */
		E041C8F72C0024BB002100BE /* Build configuration list for PBXProject "PopcornShare" */ = {
			isa = XCConfigurationList;
			buildConfigurations = (
				E041C90E2C0024C8002100BE /* Debug */,
				E041C90F2C0024C8002100BE /* Release */,
			);
			defaultConfigurationIsVisible = 0;
			defaultConfigurationName = Release;
		};
		E041C9102C0024C8002100BE /* Build configuration list for PBXNativeTarget "PopcornShare" */ = {
			isa = XCConfigurationList;
			buildConfigurations = (
				E041C9112C0024C8002100BE /* Debug */,
				E041C9122C0024C8002100BE /* Release */,
			);
			defaultConfigurationIsVisible = 0;
			defaultConfigurationName = Release;
		};
/* End XCConfigurationList section */

/* Begin XCRemoteSwiftPackageReference section */
		E00CB8832C00526400D49547 /* XCRemoteSwiftPackageReference "firebase-ios-sdk" */ = {
			isa = XCRemoteSwiftPackageReference;
			repositoryURL = "https://github.com/firebase/firebase-ios-sdk";
			requirement = {
				kind = upToNextMajorVersion;
				minimumVersion = 10.26.0;
			};
		};
/* End XCRemoteSwiftPackageReference section */

/* Begin XCSwiftPackageProductDependency section */
		E00CB8842C00526500D49547 /* FirebaseAnalytics */ = {
			isa = XCSwiftPackageProductDependency;
			package = E00CB8832C00526400D49547 /* XCRemoteSwiftPackageReference "firebase-ios-sdk" */;
			productName = FirebaseAnalytics;
		};
		E00CB8862C00526500D49547 /* FirebaseAuth */ = {
			isa = XCSwiftPackageProductDependency;
			package = E00CB8832C00526400D49547 /* XCRemoteSwiftPackageReference "firebase-ios-sdk" */;
			productName = FirebaseAuth;
		};
		E00CB88A2C00526500D49547 /* FirebaseCrashlytics */ = {
			isa = XCSwiftPackageProductDependency;
			package = E00CB8832C00526400D49547 /* XCRemoteSwiftPackageReference "firebase-ios-sdk" */;
			productName = FirebaseCrashlytics;
		};
		E00CB88C2C00526500D49547 /* FirebaseFirestore */ = {
			isa = XCSwiftPackageProductDependency;
			package = E00CB8832C00526400D49547 /* XCRemoteSwiftPackageReference "firebase-ios-sdk" */;
			productName = FirebaseFirestore;
		};
		E00CB8902C00526500D49547 /* FirebaseFirestoreSwift */ = {
			isa = XCSwiftPackageProductDependency;
			package = E00CB8832C00526400D49547 /* XCRemoteSwiftPackageReference "firebase-ios-sdk" */;
			productName = FirebaseFirestoreSwift;
		};
		E00CB8922C00526500D49547 /* FirebaseMessaging */ = {
			isa = XCSwiftPackageProductDependency;
			package = E00CB8832C00526400D49547 /* XCRemoteSwiftPackageReference "firebase-ios-sdk" */;
			productName = FirebaseMessaging;
		};
		E00CB8942C00526500D49547 /* FirebaseStorage */ = {
			isa = XCSwiftPackageProductDependency;
			package = E00CB8832C00526400D49547 /* XCRemoteSwiftPackageReference "firebase-ios-sdk" */;
			productName = FirebaseStorage;
		};
		E04094592D49282C007A3D37 /* PopcornShareNetwork */ = {
			isa = XCSwiftPackageProductDependency;
			productName = PopcornShareNetwork;
		};
		E04F13CB2D7743AF00F1F3F5 /* PopcornShareSearch */ = {
			isa = XCSwiftPackageProductDependency;
			productName = PopcornShareSearch;
		};
		E04F13CD2D7743B400F1F3F5 /* PopcornShareProfile */ = {
			isa = XCSwiftPackageProductDependency;
			productName = PopcornShareProfile;
		};
		E06731282D773A0100CE9DBD /* PopcornShareAuthentication */ = {
			isa = XCSwiftPackageProductDependency;
			productName = PopcornShareAuthentication;
		};
		E088391A2D48805D00F2BAAB /* PopcornShareHome */ = {
			isa = XCSwiftPackageProductDependency;
			productName = PopcornShareHome;
		};
		E0CFDF152D15304D0077C10B /* PopcornShareUtilities */ = {
			isa = XCSwiftPackageProductDependency;
			productName = PopcornShareUtilities;
		};
		E0F2EC552D3A026900A470DF /* PopcornShareNetworkCore */ = {
			isa = XCSwiftPackageProductDependency;
			productName = PopcornShareNetworkCore;
		};
/* End XCSwiftPackageProductDependency section */
	};
	rootObject = E041C8F42C0024BB002100BE /* Project object */;
}
